
Microsoft Visual Studio Solution File, Format Version 12.00
# Visual Studio Version 17
VisualStudioVersion = 17.7.34221.43
MinimumVisualStudioVersion = 10.0.40219.1
Project("{FAE04EC0-301F-11D3-BF4B-00C04F79EFBC}") = "Database", "Database\Database.csproj", "{2104B537-E37A-4C72-BC91-136C4A9274D3}"
EndProject
Project("{FAE04EC0-301F-11D3-BF4B-00C04F79EFBC}") = "API", "API\API.csproj", "{FAF7D545-CED3-4E70-92DD-291D41959ADD}"
	ProjectSection(ProjectDependencies) = postProject
		{2104B537-E37A-4C72-BC91-136C4A9274D3} = {2104B537-E37A-4C72-BC91-136C4A9274D3}
		{AEDB1069-2B71-4ECF-BE8A-60796706BA8F} = {AEDB1069-2B71-4ECF-BE8A-60796706BA8F}
	EndProjectSection
EndProject
Project("{FAE04EC0-301F-11D3-BF4B-00C04F79EFBC}") = "Client", "Client\Client.csproj", "{AEDB1069-2B71-4ECF-BE8A-60796706BA8F}"
EndProject
Global
	GlobalSection(SolutionConfigurationPlatforms) = preSolution
		Debug|Any CPU = Debug|Any CPU
		Release|Any CPU = Release|Any CPU
	EndGlobalSection
	GlobalSection(ProjectConfigurationPlatforms) = postSolution
		{2104B537-E37A-4C72-BC91-136C4A9274D3}.Debug|Any CPU.ActiveCfg = Debug|Any CPU
		{2104B537-E37A-4C72-BC91-136C4A9274D3}.Debug|Any CPU.Build.0 = Debug|Any CPU
		{2104B537-E37A-4C72-BC91-136C4A9274D3}.Release|Any CPU.ActiveCfg = Release|Any CPU
		{2104B537-E37A-4C72-BC91-136C4A9274D3}.Release|Any CPU.Build.0 = Release|Any CPU
		{FAF7D545-CED3-4E70-92DD-291D41959ADD}.Debug|Any CPU.ActiveCfg = Debug|Any CPU
		{FAF7D545-CED3-4E70-92DD-291D41959ADD}.Debug|Any CPU.Build.0 = Debug|Any CPU
		{FAF7D545-CED3-4E70-92DD-291D41959ADD}.Release|Any CPU.ActiveCfg = Release|Any CPU
		{FAF7D545-CED3-4E70-92DD-291D41959ADD}.Release|Any CPU.Build.0 = Release|Any CPU
		{AEDB1069-2B71-4ECF-BE8A-60796706BA8F}.Debug|Any CPU.ActiveCfg = Debug|Any CPU
		{AEDB1069-2B71-4ECF-BE8A-60796706BA8F}.Debug|Any CPU.Build.0 = Debug|Any CPU
		{AEDB1069-2B71-4ECF-BE8A-60796706BA8F}.Release|Any CPU.ActiveCfg = Release|Any CPU
		{AEDB1069-2B71-4ECF-BE8A-60796706BA8F}.Release|Any CPU.Build.0 = Release|Any CPU
	EndGlobalSection
	GlobalSection(SolutionProperties) = preSolution
		HideSolutionNode = FALSE
	EndGlobalSection
	GlobalSection(ExtensibilityGlobals) = postSolution
		SolutionGuid = {75CE9731-5A21-4833-8F9A-B65FF331DF95}
	EndGlobalSection
EndGlobal
